lockfileVersion: 5.4

specifiers:
  lightningcss-cli: ^1.17.1

dependencies:
  lightningcss-cli: 1.17.1

packages:

  /detect-libc/1.0.3:
    resolution: {integrity: sha512-pGjwhsmsp4kL2RTz08wcOlGN83otlqHeD/Z5T8GXZB+/YcpQ/dgo+lbU8ZsGxV0HIvqqxo9l7mqYwyYMD9bKDg==}
    engines: {node: '>=0.10'}
    hasBin: true
    dev: false

  /lightningcss-cli-darwin-arm64/1.17.1:
    resolution: {integrity: sha512-TKnbM7oxI0VC8raLn8ABmr8UC+2Hi5t+AleATKpjp7SYOXg/+a4wgx2JT9J/CX00k+lwL6pBM5Yg4gvaf+HeBQ==}
    engines: {node: '>= 12.0.0'}
    cpu: [arm64]
    os: [darwin]
    requiresBuild: true
    dev: false
    optional: true

  /lightningcss-cli-darwin-x64/1.17.1:
    resolution: {integrity: sha512-ZWtQbTozfhunstLKdQ/xKkMRXGf2p3zV/pgcce8dLSRbWXilLwzomg4CXJ3YSjsNdb0tWTFwprscJP3jfk+2IA==}
    engines: {node: '>= 12.0.0'}
    cpu: [x64]
    os: [darwin]
    requiresBuild: true
    dev: false
    optional: true

  /lightningcss-cli-linux-arm-gnueabihf/1.17.1:
    resolution: {integrity: sha512-4ECzMSA9ZR6u+lx1vAzIkw9diNUwXmNddf5ML9OA1iLTW/2fADBldsRQkMxRJGst/Ay0Q66cJoCOe8DkedrWVg==}
    engines: {node: '>= 12.0.0'}
    cpu: [arm]
    os: [linux]
    requiresBuild: true
    dev: false
    optional: true

  /lightningcss-cli-linux-arm64-gnu/1.17.1:
    resolution: {integrity: sha512-y4fTpz3cvyLCD5dANlOmOdgkNAOrRu5xJqNfKIcbj9DxM9F3Tm5V7WXzKjaW7c4+TK3k8tPX9NikY3RoY/ejgg==}
    engines: {node: '>= 12.0.0'}
    cpu: [arm64]
    os: [linux]
    requiresBuild: true
    dev: false
    optional: true

  /lightningcss-cli-linux-arm64-musl/1.17.1:
    resolution: {integrity: sha512-2Cct8WTEOXuCeu9YIV1pD/CG3A2kroQO3i9r+3QDe6WPn25N2KBqBPJlnro5pwIuLKvgHLewMVtsr4OePRrrBg==}
    engines: {node: '>= 12.0.0'}
    cpu: [arm64]
    os: [linux]
    requiresBuild: true
    dev: false
    optional: true

  /lightningcss-cli-linux-x64-gnu/1.17.1:
    resolution: {integrity: sha512-ax75m3rNVyAJHo/vbDs3EjEkIh6eh8IkR2l+CDxJkjiSo+RkdyabLEILN2ce5W/qlzy67gtknSyDrs/Vpcu8bA==}
    engines: {node: '>= 12.0.0'}
    cpu: [x64]
    os: [linux]
    requiresBuild: true
    dev: false
    optional: true

  /lightningcss-cli-linux-x64-musl/1.17.1:
    resolution: {integrity: sha512-Spc13J2cBBy1FxGyxpvqfedUoxrdD4IW3QAAVWBM23vS5RPtzCjZ6bbdxOlFm/PsqYM8UZRfOxprlJYrfiDXPA==}
    engines: {node: '>= 12.0.0'}
    cpu: [x64]
    os: [linux]
    requiresBuild: true
    dev: false
    optional: true

  /lightningcss-cli-win32-x64-msvc/1.17.1:
    resolution: {integrity: sha512-HCwh1/13IlG5EfHcmVXp9BZVTcRpeTxjQyyBCL2v23jtHqigUK5VzX6pnUS+KVrBVjWUjG3DA7vA5/HuKADbvQ==}
    engines: {node: '>= 12.0.0'}
    cpu: [x64]
    os: [win32]
    requiresBuild: true
    dev: false
    optional: true

  /lightningcss-cli/1.17.1:
    resolution: {integrity: sha512-qntdro4eVx85beD/AfnBDCojFCMmfcRwmEno9Pd6DOeDiDiCXlpCrpNyV1yr0x+cT6qmM6CvTmTnEomENl7IEQ==}
    engines: {node: '>= 12.0.0'}
    hasBin: true
    requiresBuild: true
    dependencies:
      detect-libc: 1.0.3
    optionalDependencies:
      lightningcss-cli-darwin-arm64: 1.17.1
      lightningcss-cli-darwin-x64: 1.17.1
      lightningcss-cli-linux-arm-gnueabihf: 1.17.1
      lightningcss-cli-linux-arm64-gnu: 1.17.1
      lightningcss-cli-linux-arm64-musl: 1.17.1
      lightningcss-cli-linux-x64-gnu: 1.17.1
      lightningcss-cli-linux-x64-musl: 1.17.1
      lightningcss-cli-win32-x64-msvc: 1.17.1
    dev: false
